Microsoft Visual Studio Solution File, Format Version 12.00
# Visual Studio Version 16
VisualStudioVersion = 16.0.28729.10
MinimumVisualStudioVersion = 10.0.40219.1

# The project definition
Project("{FAE04EC0-301F-11D3-BF4B-00C04F79EFBC}") = "MinimalWpfApp", "MinimalWpfApp.csproj", "{C172F3A0-BD32-4908-B59D-FF30A2B2FF3F}"
EndProject

# Global settings for the solution
Global
	GlobalSection(SolutionConfigurationPlatforms) = preSolution
		Debug|Any CPU = Debug|Any CPU
		Release|Any CPU = Release|Any CPU
	EndGlobalSection
	GlobalSection(ProjectConfigurationPlatforms) = postSolution
		{C172F3A0-BD32-4908-B59D-FF30A2B2FF3F}.Debug|Any CPU.ActiveCfg = Debug|Any CPU
		{C172F3A0-BD32-4908-B59D-FF30A2B2FF3F}.Debug|Any CPU.Build.0 = Debug|Any CPU
		{C172F3A0-BD32-4908-B59D-FF30A2B2FF3F}.Release|Any CPU.ActiveCfg = Release|Any CPU
		{C172F3A0-BD32-4908-B59D-FF30A2B2FF3F}.Release|Any CPU.Build.0 = Release|Any CPU
	EndGlobalSection
	GlobalSection(SolutionProperties) = preSolution
		HideSolutionNode = FALSE
	EndGlobalSection
EndGlobal
