Microsoft Visual Studio Solution File, Format Version 12.00
# Visual Studio Version 16
VisualStudioVersion = 16.0.31515.178
MinimumVisualStudioVersion = 10.0.40219.1
Project("{FAE04EC0-301F-11D3-BF4B-00C04F79EFBC}") = "MinimalWpfApp", "MinimalWpfApp.csproj", "{8F7B4EB1-7D4A-4C3D-B8B6-5E9F5F5E5E5E}"
EndProject
Global
	GlobalSection(SolutionConfigurationPlatforms) = preSolution
		Debug|x64 = Debug|x64
		Release|x64 = Release|x64
	EndGlobalSection
	GlobalSection(ProjectConfigurationPlatforms) = postSolution
		{8F7B4EB1-7D4A-4C3D-B8B6-5E9F5F5E5E5E}.Debug|x64.ActiveCfg = Debug|x64
		{8F7B4EB1-7D4A-4C3D-B8B6-5E9F5F5E5E5E}.Debug|x64.Build.0 = Debug|x64
		{8F7B4EB1-7D4A-4C3D-B8B6-5E9F5F5E5E5E}.Release|x64.ActiveCfg = Release|x64
		{8F7B4EB1-7D4A-4C3D-B8B6-5E9F5F5E5E5E}.Release|x64.Build.0 = Release|x64
	EndGlobalSection
	GlobalSection(SolutionProperties) = preSolution
		HideSolutionNode = FALSE
	EndGlobalSection
	GlobalSection(ExtensibilityGlobals) = postSolution
		SolutionGuid = {A1B2C3D4-E5F6-47G8-H9I0-J1K2L3M4N5O6}
	EndGlobalSection
EndGlobal
